# THIS IS AN AUTOGENERATED FILE. DO NOT EDIT THIS FILE DIRECTLY.
# yarn lockfile v1


"@types/estree@0.0.39":
  version "0.0.39"
  resolved "https://registry.yarnpkg.com/@types/estree/-/estree-0.0.39.tgz#e177e699ee1b8c22d23174caaa7422644389509f"

"@types/node@*":
  version "10.1.3"
  resolved "https://registry.yarnpkg.com/@types/node/-/node-10.1.3.tgz#5c16980936c4e3c83ce64e8ed71fb37bd7aea135"

backed@^0.12.2:
  version "0.12.2"
  resolved "https://registry.yarnpkg.com/backed/-/backed-0.12.2.tgz#1eaf5b1654d04038612099e8501aea4296b244c5"

custom-effects@^0.10.0:
  version "0.10.0"
  resolved "https://registry.yarnpkg.com/custom-effects/-/custom-effects-0.10.0.tgz#23b90c5be371290f897af1f4d63e61e352f7c7f3"

rollup@^0.59.4:
  version "0.59.4"
  resolved "https://registry.yarnpkg.com/rollup/-/rollup-0.59.4.tgz#6f80f7017c22667ff1bf3e62adf8624a44cc44aa"
  dependencies:
    "@types/estree" "0.0.39"
    "@types/node" "*"
